
Microsoft Visual Studio Solution File, Format Version 12.00
# Visual Studio Version 17
VisualStudioVersion = 17.5.002.0
MinimumVisualStudioVersion = 10.0.40219.1
Project("{9A19103F-16F7-4668-BE54-9A1E7A4F7556}") = "Neo4jDemoApp", "Neo4jDemoApp.csproj", "{0A78AAFD-34DA-4203-84AF-DBDB15E6C723}"
EndProject
Global
	GlobalSection(SolutionConfigurationPlatforms) = preSolution
		Debug|Any CPU = Debug|Any CPU
		Release|Any CPU = Release|Any CPU
	EndGlobalSection
	GlobalSection(ProjectConfigurationPlatforms) = postSolution
		{0A78AAFD-34DA-4203-84AF-DBDB15E6C723}.Debug|Any CPU.ActiveCfg = Debug|Any CPU
		{0A78AAFD-34DA-4203-84AF-DBDB15E6C723}.Debug|Any CPU.Build.0 = Debug|Any CPU
		{0A78AAFD-34DA-4203-84AF-DBDB15E6C723}.Release|Any CPU.ActiveCfg = Release|Any CPU
		{0A78AAFD-34DA-4203-84AF-DBDB15E6C723}.Release|Any CPU.Build.0 = Release|Any CPU
	EndGlobalSection
	GlobalSection(SolutionProperties) = preSolution
		HideSolutionNode = FALSE
	EndGlobalSection
	GlobalSection(ExtensibilityGlobals) = postSolution
		SolutionGuid = {B1A9668C-F6A3-4EFC-9293-A8B34C0904A1}
	EndGlobalSection
EndGlobal
